
Microsoft Visual Studio Solution File, Format Version 12.00
# Visual Studio Version 17
VisualStudioVersion = 17.6.33723.286
MinimumVisualStudioVersion = 10.0.40219.1
Project("{FAE04EC0-301F-11D3-BF4B-00C04F79EFBC}") = "C#CRUDApp(Degula2022-C-073)", "C#CRUDApp(Degula2022-C-073)\C#CRUDApp(Degula2022-C-073).csproj", "{1130BDDB-4749-44FF-B87C-2D02CF698464}"
EndProject
Global
	GlobalSection(SolutionConfigurationPlatforms) = preSolution
		Debug|Any CPU = Debug|Any CPU
		Release|Any CPU = Release|Any CPU
	EndGlobalSection
	GlobalSection(ProjectConfigurationPlatforms) = postSolution
		{1130BDDB-4749-44FF-B87C-2D02CF698464}.Debug|Any CPU.ActiveCfg = Debug|Any CPU
		{1130BDDB-4749-44FF-B87C-2D02CF698464}.Debug|Any CPU.Build.0 = Debug|Any CPU
		{1130BDDB-4749-44FF-B87C-2D02CF698464}.Release|Any CPU.ActiveCfg = Release|Any CPU
		{1130BDDB-4749-44FF-B87C-2D02CF698464}.Release|Any CPU.Build.0 = Release|Any CPU
	EndGlobalSection
	GlobalSection(SolutionProperties) = preSolution
		HideSolutionNode = FALSE
	EndGlobalSection
	GlobalSection(ExtensibilityGlobals) = postSolution
		SolutionGuid = {990EFC32-0949-481F-9D70-1A45FBB93F1D}
	EndGlobalSection
EndGlobal
